
Microsoft Visual Studio Solution File, Format Version 12.00
# Visual Studio 2012
Project("{FAE04EC0-301F-11D3-BF4B-00C04F79EFBC}") = "PitWarner.iOS", "iOS\PitWarner.iOS.csproj", "{C9E3819A-FC8A-44F5-9911-3B4865300191}"
EndProject
Project("{FAE04EC0-301F-11D3-BF4B-00C04F79EFBC}") = "PitWarner.Droid", "Droid\PitWarner.Droid.csproj", "{26AE62A4-DEFD-481E-A9D5-2DBA310FAED2}"
EndProject
Project("{FAE04EC0-301F-11D3-BF4B-00C04F79EFBC}") = "PitWarner", "PitWarner.csproj", "{FA00CFDB-DF0A-4044-8B88-D72070ED5281}"
EndProject
Global
	GlobalSection(SolutionConfigurationPlatforms) = preSolution
		Debug|iPhoneSimulator = Debug|iPhoneSimulator
		Release|iPhone = Release|iPhone
		Release|iPhoneSimulator = Release|iPhoneSimulator
		Debug|iPhone = Debug|iPhone
		Debug|Any CPU = Debug|Any CPU
		Release|Any CPU = Release|Any CPU
	EndGlobalSection
	GlobalSection(ProjectConfigurationPlatforms) = postSolution
		{26AE62A4-DEFD-481E-A9D5-2DBA310FAED2}.Debug|Any CPU.ActiveCfg = Debug|Any CPU
		{26AE62A4-DEFD-481E-A9D5-2DBA310FAED2}.Debug|Any CPU.Build.0 = Debug|Any CPU
		{26AE62A4-DEFD-481E-A9D5-2DBA310FAED2}.Debug|iPhone.ActiveCfg = Debug|Any CPU
		{26AE62A4-DEFD-481E-A9D5-2DBA310FAED2}.Debug|iPhone.Build.0 = Debug|Any CPU
		{26AE62A4-DEFD-481E-A9D5-2DBA310FAED2}.Debug|iPhoneSimulator.ActiveCfg = Debug|Any CPU
		{26AE62A4-DEFD-481E-A9D5-2DBA310FAED2}.Debug|iPhoneSimulator.Build.0 = Debug|Any CPU
		{26AE62A4-DEFD-481E-A9D5-2DBA310FAED2}.Release|Any CPU.ActiveCfg = Release|Any CPU
		{26AE62A4-DEFD-481E-A9D5-2DBA310FAED2}.Release|Any CPU.Build.0 = Release|Any CPU
		{26AE62A4-DEFD-481E-A9D5-2DBA310FAED2}.Release|iPhone.ActiveCfg = Release|Any CPU
		{26AE62A4-DEFD-481E-A9D5-2DBA310FAED2}.Release|iPhone.Build.0 = Release|Any CPU
		{26AE62A4-DEFD-481E-A9D5-2DBA310FAED2}.Release|iPhoneSimulator.ActiveCfg = Release|Any CPU
		{26AE62A4-DEFD-481E-A9D5-2DBA310FAED2}.Release|iPhoneSimulator.Build.0 = Release|Any CPU
		{C9E3819A-FC8A-44F5-9911-3B4865300191}.Debug|Any CPU.ActiveCfg = Debug|iPhoneSimulator
		{C9E3819A-FC8A-44F5-9911-3B4865300191}.Debug|Any CPU.Build.0 = Debug|iPhoneSimulator
		{C9E3819A-FC8A-44F5-9911-3B4865300191}.Debug|iPhone.ActiveCfg = Debug|iPhone
		{C9E3819A-FC8A-44F5-9911-3B4865300191}.Debug|iPhone.Build.0 = Debug|iPhone
		{C9E3819A-FC8A-44F5-9911-3B4865300191}.Debug|iPhoneSimulator.ActiveCfg = Debug|iPhoneSimulator
		{C9E3819A-FC8A-44F5-9911-3B4865300191}.Debug|iPhoneSimulator.Build.0 = Debug|iPhoneSimulator
		{C9E3819A-FC8A-44F5-9911-3B4865300191}.Release|Any CPU.ActiveCfg = Release|iPhone
		{C9E3819A-FC8A-44F5-9911-3B4865300191}.Release|Any CPU.Build.0 = Release|iPhone
		{C9E3819A-FC8A-44F5-9911-3B4865300191}.Release|iPhone.ActiveCfg = Release|iPhone
		{C9E3819A-FC8A-44F5-9911-3B4865300191}.Release|iPhone.Build.0 = Release|iPhone
		{C9E3819A-FC8A-44F5-9911-3B4865300191}.Release|iPhoneSimulator.ActiveCfg = Release|iPhoneSimulator
		{C9E3819A-FC8A-44F5-9911-3B4865300191}.Release|iPhoneSimulator.Build.0 = Release|iPhoneSimulator
		{FA00CFDB-DF0A-4044-8B88-D72070ED5281}.Debug|Any CPU.ActiveCfg = Debug|Any CPU
		{FA00CFDB-DF0A-4044-8B88-D72070ED5281}.Debug|Any CPU.Build.0 = Debug|Any CPU
		{FA00CFDB-DF0A-4044-8B88-D72070ED5281}.Debug|iPhone.ActiveCfg = Debug|Any CPU
		{FA00CFDB-DF0A-4044-8B88-D72070ED5281}.Debug|iPhone.Build.0 = Debug|Any CPU
		{FA00CFDB-DF0A-4044-8B88-D72070ED5281}.Debug|iPhoneSimulator.ActiveCfg = Debug|Any CPU
		{FA00CFDB-DF0A-4044-8B88-D72070ED5281}.Debug|iPhoneSimulator.Build.0 = Debug|Any CPU
		{FA00CFDB-DF0A-4044-8B88-D72070ED5281}.Release|Any CPU.ActiveCfg = Release|Any CPU
		{FA00CFDB-DF0A-4044-8B88-D72070ED5281}.Release|Any CPU.Build.0 = Release|Any CPU
		{FA00CFDB-DF0A-4044-8B88-D72070ED5281}.Release|iPhone.ActiveCfg = Release|Any CPU
		{FA00CFDB-DF0A-4044-8B88-D72070ED5281}.Release|iPhone.Build.0 = Release|Any CPU
		{FA00CFDB-DF0A-4044-8B88-D72070ED5281}.Release|iPhoneSimulator.ActiveCfg = Release|Any CPU
		{FA00CFDB-DF0A-4044-8B88-D72070ED5281}.Release|iPhoneSimulator.Build.0 = Release|Any CPU
	EndGlobalSection
EndGlobal
